# This file was autogenerated by Stack.
# You should not edit this file by hand.
# For more information, please see the documentation at:
#   https://docs.haskellstack.org/en/stable/topics/lock_files

packages: []
snapshots:
- completed:
    sha256: e14e3b6412a42044507f32609f261ed75333efd29e6d154cd7f5b0d4d415848f
    size: 678154
    url: https://raw.githubusercontent.com/commercialhaskell/stackage-snapshots/master/nightly/2025/5/7.yaml
  original: nightly-2025-05-07
